
Microsoft Visual Studio Solution File, Format Version 12.00
# Visual Studio Version 17
VisualStudioVersion = 17.2.32630.192
MinimumVisualStudioVersion = 10.0.40219.1
Project("{FAE04EC0-301F-11D3-BF4B-00C04F79EFBC}") = "lesson 4", "lesson 4\lesson 4.csproj", "{93EEA207-F3BE-4B32-B15B-8AF8BB7F3856}"
EndProject
Global
	GlobalSection(SolutionConfigurationPlatforms) = preSolution
		Debug|Any CPU = Debug|Any CPU
		Release|Any CPU = Release|Any CPU
	EndGlobalSection
	GlobalSection(ProjectConfigurationPlatforms) = postSolution
		{93EEA207-F3BE-4B32-B15B-8AF8BB7F3856}.Debug|Any CPU.ActiveCfg = Debug|Any CPU
		{93EEA207-F3BE-4B32-B15B-8AF8BB7F3856}.Debug|Any CPU.Build.0 = Debug|Any CPU
		{93EEA207-F3BE-4B32-B15B-8AF8BB7F3856}.Release|Any CPU.ActiveCfg = Release|Any CPU
		{93EEA207-F3BE-4B32-B15B-8AF8BB7F3856}.Release|Any CPU.Build.0 = Release|Any CPU
	EndGlobalSection
	GlobalSection(SolutionProperties) = preSolution
		HideSolutionNode = FALSE
	EndGlobalSection
	GlobalSection(ExtensibilityGlobals) = postSolution
		SolutionGuid = {B96BBD1E-9F95-4966-ACA6-30066286625A}
	EndGlobalSection
EndGlobal
